
Microsoft Visual Studio Solution File, Format Version 10.00
# Visual Studio 2008
Project("{8BC9CEB8-8B4A-11D0-8D11-00A0C91BC942}") = "calcuator", "calculator.vcproj", "{442FF1EA-7E4A-450B-B6C9-C8F9185D9868}"
	ProjectSection(ProjectDependencies) = postProject
		{9CE32F40-D432-40C9-A877-0CB1E7B98E88} = {9CE32F40-D432-40C9-A877-0CB1E7B98E88}
		{1C101DA6-6414-4E62-BB54-0917D821A44F} = {1C101DA6-6414-4E62-BB54-0917D821A44F}
	EndProjectSection
EndProject
Project("{8BC9CEB8-8B4A-11D0-8D11-00A0C91BC942}") = "xGUI", "..\..\..\..\MF90\xGui\xGUI.vcproj", "{1C101DA6-6414-4E62-BB54-0917D821A44F}"
EndProject
Project("{8BC9CEB8-8B4A-11D0-8D11-00A0C91BC942}") = "Win32Emu", "..\..\..\..\MF90\Win32Emu\Win32Emu.vcproj", "{9CE32F40-D432-40C9-A877-0CB1E7B98E88}"
EndProject
Global
	GlobalSection(SolutionConfigurationPlatforms) = preSolution
		LCD_128_64|Win32 = LCD_128_64|Win32
		LCD_320_240|Win32 = LCD_320_240|Win32
		LCD_320_240S|Win32 = LCD_320_240S|Win32
	EndGlobalSection
	GlobalSection(ProjectConfigurationPlatforms) = postSolution
		{442FF1EA-7E4A-450B-B6C9-C8F9185D9868}.LCD_128_64|Win32.ActiveCfg = LCD_320_240S|Win32
		{442FF1EA-7E4A-450B-B6C9-C8F9185D9868}.LCD_128_64|Win32.Build.0 = LCD_320_240S|Win32
		{442FF1EA-7E4A-450B-B6C9-C8F9185D9868}.LCD_320_240|Win32.ActiveCfg = LCD_320_240S|Win32
		{442FF1EA-7E4A-450B-B6C9-C8F9185D9868}.LCD_320_240|Win32.Build.0 = LCD_320_240S|Win32
		{442FF1EA-7E4A-450B-B6C9-C8F9185D9868}.LCD_320_240S|Win32.ActiveCfg = LCD_320_240S|Win32
		{442FF1EA-7E4A-450B-B6C9-C8F9185D9868}.LCD_320_240S|Win32.Build.0 = LCD_320_240S|Win32
		{1C101DA6-6414-4E62-BB54-0917D821A44F}.LCD_128_64|Win32.ActiveCfg = LCD_128_64|Win32
		{1C101DA6-6414-4E62-BB54-0917D821A44F}.LCD_128_64|Win32.Build.0 = LCD_128_64|Win32
		{1C101DA6-6414-4E62-BB54-0917D821A44F}.LCD_320_240|Win32.ActiveCfg = LCD_320_240|Win32
		{1C101DA6-6414-4E62-BB54-0917D821A44F}.LCD_320_240|Win32.Build.0 = LCD_320_240|Win32
		{1C101DA6-6414-4E62-BB54-0917D821A44F}.LCD_320_240S|Win32.ActiveCfg = LCD_320_240S|Win32
		{1C101DA6-6414-4E62-BB54-0917D821A44F}.LCD_320_240S|Win32.Build.0 = LCD_320_240S|Win32
		{9CE32F40-D432-40C9-A877-0CB1E7B98E88}.LCD_128_64|Win32.ActiveCfg = LCD_128_64|Win32
		{9CE32F40-D432-40C9-A877-0CB1E7B98E88}.LCD_128_64|Win32.Build.0 = LCD_128_64|Win32
		{9CE32F40-D432-40C9-A877-0CB1E7B98E88}.LCD_320_240|Win32.ActiveCfg = LCD_320_240|Win32
		{9CE32F40-D432-40C9-A877-0CB1E7B98E88}.LCD_320_240|Win32.Build.0 = LCD_320_240|Win32
		{9CE32F40-D432-40C9-A877-0CB1E7B98E88}.LCD_320_240S|Win32.ActiveCfg = LCD_320_240S|Win32
		{9CE32F40-D432-40C9-A877-0CB1E7B98E88}.LCD_320_240S|Win32.Build.0 = LCD_320_240S|Win32
	EndGlobalSection
	GlobalSection(SolutionProperties) = preSolution
		HideSolutionNode = FALSE
	EndGlobalSection
EndGlobal
